
Microsoft Visual Studio Solution File, Format Version 12.00
# Visual Studio Version 17
VisualStudioVersion = 17.9.34728.123
MinimumVisualStudioVersion = 10.0.40219.1
Project("{9A19103F-16F7-4668-BE54-9A1E7A4F7556}") = "ExercisesRESTAPI", "..\..\..\Desktop\ExercisesRESTAPI\ExercisesRESTAPI.csproj", "{0BD0EABA-5861-499C-B7B0-6BE985DED235}"
EndProject
Global
	GlobalSection(SolutionConfigurationPlatforms) = preSolution
		Debug|Any CPU = Debug|Any CPU
		Release|Any CPU = Release|Any CPU
	EndGlobalSection
	GlobalSection(ProjectConfigurationPlatforms) = postSolution
		{0BD0EABA-5861-499C-B7B0-6BE985DED235}.Debug|Any CPU.ActiveCfg = Debug|Any CPU
		{0BD0EABA-5861-499C-B7B0-6BE985DED235}.Debug|Any CPU.Build.0 = Debug|Any CPU
		{0BD0EABA-5861-499C-B7B0-6BE985DED235}.Release|Any CPU.ActiveCfg = Release|Any CPU
		{0BD0EABA-5861-499C-B7B0-6BE985DED235}.Release|Any CPU.Build.0 = Release|Any CPU
	EndGlobalSection
	GlobalSection(SolutionProperties) = preSolution
		HideSolutionNode = FALSE
	EndGlobalSection
	GlobalSection(ExtensibilityGlobals) = postSolution
		SolutionGuid = {6C80B11E-B451-418F-8F5C-345B679AB717}
	EndGlobalSection
EndGlobal
